
Microsoft Visual Studio Solution File, Format Version 12.00
# Visual Studio Version 17
VisualStudioVersion = 17.6.33829.357
MinimumVisualStudioVersion = 10.0.40219.1
Project("{9A19103F-16F7-4668-BE54-9A1E7A4F7556}") = "HackerNewsAPI", "HakerRankAPI\HackerNewsAPI.csproj", "{49155777-8C92-4E6A-9778-687956CB358E}"
EndProject
Project("{9A19103F-16F7-4668-BE54-9A1E7A4F7556}") = "HackerNewsClient", "HackerRankClient\HackerNewsClient.csproj", "{1FC75346-3B6A-4712-83AD-BF6CCA6656DA}"
EndProject
Project("{9A19103F-16F7-4668-BE54-9A1E7A4F7556}") = "TestHackerNewsTask", "TestHackerRankTask\TestHackerNewsTask.csproj", "{B0E356CC-48E8-4B97-B7D4-521653C0B08B}"
EndProject
Project("{9A19103F-16F7-4668-BE54-9A1E7A4F7556}") = "HackerNewsApiClient", "HackerRankApiClient\HackerNewsApiClient.csproj", "{CE06D7D1-6779-40A7-BF78-1E1B84E726DF}"
EndProject
Global
	GlobalSection(SolutionConfigurationPlatforms) = preSolution
		Debug|Any CPU = Debug|Any CPU
		Release|Any CPU = Release|Any CPU
	EndGlobalSection
	GlobalSection(ProjectConfigurationPlatforms) = postSolution
		{49155777-8C92-4E6A-9778-687956CB358E}.Debug|Any CPU.ActiveCfg = Debug|Any CPU
		{49155777-8C92-4E6A-9778-687956CB358E}.Debug|Any CPU.Build.0 = Debug|Any CPU
		{49155777-8C92-4E6A-9778-687956CB358E}.Release|Any CPU.ActiveCfg = Release|Any CPU
		{49155777-8C92-4E6A-9778-687956CB358E}.Release|Any CPU.Build.0 = Release|Any CPU
		{1FC75346-3B6A-4712-83AD-BF6CCA6656DA}.Debug|Any CPU.ActiveCfg = Debug|Any CPU
		{1FC75346-3B6A-4712-83AD-BF6CCA6656DA}.Debug|Any CPU.Build.0 = Debug|Any CPU
		{1FC75346-3B6A-4712-83AD-BF6CCA6656DA}.Release|Any CPU.ActiveCfg = Release|Any CPU
		{1FC75346-3B6A-4712-83AD-BF6CCA6656DA}.Release|Any CPU.Build.0 = Release|Any CPU
		{B0E356CC-48E8-4B97-B7D4-521653C0B08B}.Debug|Any CPU.ActiveCfg = Debug|Any CPU
		{B0E356CC-48E8-4B97-B7D4-521653C0B08B}.Debug|Any CPU.Build.0 = Debug|Any CPU
		{B0E356CC-48E8-4B97-B7D4-521653C0B08B}.Release|Any CPU.ActiveCfg = Release|Any CPU
		{B0E356CC-48E8-4B97-B7D4-521653C0B08B}.Release|Any CPU.Build.0 = Release|Any CPU
		{CE06D7D1-6779-40A7-BF78-1E1B84E726DF}.Debug|Any CPU.ActiveCfg = Debug|Any CPU
		{CE06D7D1-6779-40A7-BF78-1E1B84E726DF}.Debug|Any CPU.Build.0 = Debug|Any CPU
		{CE06D7D1-6779-40A7-BF78-1E1B84E726DF}.Release|Any CPU.ActiveCfg = Release|Any CPU
		{CE06D7D1-6779-40A7-BF78-1E1B84E726DF}.Release|Any CPU.Build.0 = Release|Any CPU
	EndGlobalSection
	GlobalSection(SolutionProperties) = preSolution
		HideSolutionNode = FALSE
	EndGlobalSection
	GlobalSection(ExtensibilityGlobals) = postSolution
		SolutionGuid = {ECCEBD21-BCC2-4862-B79F-59AE847F7698}
	EndGlobalSection
EndGlobal
